
Microsoft Visual Studio Solution File, Format Version 12.00
# Visual Studio Version 16
VisualStudioVersion = 16.0.31515.178
MinimumVisualStudioVersion = 10.0.40219.1
Project("{FAE04EC0-301F-11D3-BF4B-00C04F79EFBC}") = "ProjBibliotecaAPI", "ProjBibliotecaP1\ProjBibliotecaAPI.csproj", "{F2824EDD-6FE4-40A6-B788-43A7F3823ACC}"
EndProject
Project("{FAE04EC0-301F-11D3-BF4B-00C04F79EFBC}") = "ProjBibliotecaWeb", "ProjBiblioteca\ProjBibliotecaWeb.csproj", "{6D8791CF-A118-4F6A-BEBC-071518FF0362}"
EndProject
Global
	GlobalSection(SolutionConfigurationPlatforms) = preSolution
		Debug|Any CPU = Debug|Any CPU
		Release|Any CPU = Release|Any CPU
	EndGlobalSection
	GlobalSection(ProjectConfigurationPlatforms) = postSolution
		{F2824EDD-6FE4-40A6-B788-43A7F3823ACC}.Debug|Any CPU.ActiveCfg = Debug|Any CPU
		{F2824EDD-6FE4-40A6-B788-43A7F3823ACC}.Debug|Any CPU.Build.0 = Debug|Any CPU
		{F2824EDD-6FE4-40A6-B788-43A7F3823ACC}.Release|Any CPU.ActiveCfg = Release|Any CPU
		{F2824EDD-6FE4-40A6-B788-43A7F3823ACC}.Release|Any CPU.Build.0 = Release|Any CPU
		{6D8791CF-A118-4F6A-BEBC-071518FF0362}.Debug|Any CPU.ActiveCfg = Debug|Any CPU
		{6D8791CF-A118-4F6A-BEBC-071518FF0362}.Debug|Any CPU.Build.0 = Debug|Any CPU
		{6D8791CF-A118-4F6A-BEBC-071518FF0362}.Release|Any CPU.ActiveCfg = Release|Any CPU
		{6D8791CF-A118-4F6A-BEBC-071518FF0362}.Release|Any CPU.Build.0 = Release|Any CPU
	EndGlobalSection
	GlobalSection(SolutionProperties) = preSolution
		HideSolutionNode = FALSE
	EndGlobalSection
	GlobalSection(ExtensibilityGlobals) = postSolution
		SolutionGuid = {FEA860D9-B8A3-4DB2-977E-C367416DC7E1}
	EndGlobalSection
EndGlobal
